// !$*UTF8*$!
{
	archiveVersion = 1;
	classes = {
	};
	objectVersion = 56;
	objects = {

/* Begin PBXBuildFile section */
		1B08F6B22AD8037E00902796 /* fizzbuzzApp.swift in Sources */ = {isa = PBXBuildFile; fileRef = 1B08F6B12AD8037E00902796 /* fizzbuzzApp.swift */; };
		1B08F6B42AD8037E00902796 /* ContentView.swift in Sources */ = {isa = PBXBuildFile; fileRef = 1B08F6B32AD8037E00902796 /* ContentView.swift */; };
		1B08F6B62AD8038000902796 /* Assets.xcassets in Resources */ = {isa = PBXBuildFile; fileRef = 1B08F6B52AD8038000902796 /* Assets.xcassets */; };
		1B08F6B92AD8038000902796 /* Preview Assets.xcassets in Resources */ = {isa = PBXBuildFile; fileRef = 1B08F6B82AD8038000902796 /* Preview Assets.xcassets */; };
		1B08F6C32AD8038000902796 /* fizzbuzzTests.swift in Sources */ = {isa = PBXBuildFile; fileRef = 1B08F6C22AD8038000902796 /* fizzbuzzTests.swift */; };
		1B08F6DD2AD8077A00902796 /* FizzBuzzDecider.swift in Sources */ = {isa = PBXBuildFile; fileRef = 1B08F6DC2AD8077A00902796 /* FizzBuzzDecider.swift */; };
/* End PBXBuildFile section */

/* Begin PBXContainerItemProxy section */
		1B08F6BF2AD8038000902796 /* PBXContainerItemProxy */ = {
			isa = PBXContainerItemProxy;
			containerPortal = 1B08F6A62AD8037E00902796 /* Project object */;
			proxyType = 1;
			remoteGlobalIDString = 1B08F6AD2AD8037E00902796;
			remoteInfo = fizzbuzz;
		};
/* End PBXContainerItemProxy section */

/* Begin PBXFileReference section */
		1B08F6AE2AD8037E00902796 /* fizzbuzz.app */ = {isa = PBXFileReference; explicitFileType = wrapper.application; includeInIndex = 0; path = fizzbuzz.app; sourceTree = BUILT_PRODUCTS_DIR; };
		1B08F6B12AD8037E00902796 /* fizzbuzzApp.swift */ = {isa = PBXFileReference; lastKnownFileType = sourcecode.swift; path = fizzbuzzApp.swift; sourceTree = "<group>"; };
		1B08F6B32AD8037E00902796 /* ContentView.swift */ = {isa = PBXFileReference; lastKnownFileType = sourcecode.swift; path = ContentView.swift; sourceTree = "<group>"; };
		1B08F6B52AD8038000902796 /* Assets.xcassets */ = {isa = PBXFileReference; lastKnownFileType = folder.assetcatalog; path = Assets.xcassets; sourceTree = "<group>"; };
		1B08F6B82AD8038000902796 /* Preview Assets.xcassets */ = {isa = PBXFileReference; lastKnownFileType = folder.assetcatalog; path = "Preview Assets.xcassets"; sourceTree = "<group>"; };
		1B08F6BE2AD8038000902796 /* fizzbuzzTests.xctest */ = {isa = PBXFileReference; explicitFileType = wrapper.cfbundle; includeInIndex = 0; path = fizzbuzzTests.xctest; sourceTree = BUILT_PRODUCTS_DIR; };
		1B08F6C22AD8038000902796 /* fizzbuzzTests.swift */ = {isa = PBXFileReference; lastKnownFileType = sourcecode.swift; path = fizzbuzzTests.swift; sourceTree = "<group>"; };
		1B08F6DC2AD8077A00902796 /* FizzBuzzDecider.swift */ = {isa = PBXFileReference; lastKnownFileType = sourcecode.swift; path = FizzBuzzDecider.swift; sourceTree = "<group>"; };
/* End PBXFileReference section */

/* Begin PBXFrameworksBuildPhase section */
		1B08F6AB2AD8037E00902796 /* Frameworks */ = {
			isa = PBXFrameworksBuildPhase;
			buildActionMask = 2147483647;
			files = (
			);
			runOnlyForDeploymentPostprocessing = 0;
		};
		1B08F6BB2AD8038000902796 /* Frameworks */ = {
			isa = PBXFrameworksBuildPhase;
			buildActionMask = 2147483647;
			files = (
			);
			runOnlyForDeploymentPostprocessing = 0;
		};
/* End PBXFrameworksBuildPhase section */

/* Begin PBXGroup section */
		1B08F6A52AD8037E00902796 = {
			isa = PBXGroup;
			children = (
				1B08F6B02AD8037E00902796 /* fizzbuzz */,
				1B08F6C12AD8038000902796 /* fizzbuzzTests */,
				1B08F6AF2AD8037E00902796 /* Products */,
			);
			sourceTree = "<group>";
		};
		1B08F6AF2AD8037E00902796 /* Products */ = {
			isa = PBXGroup;
			children = (
				1B08F6AE2AD8037E00902796 /* fizzbuzz.app */,
				1B08F6BE2AD8038000902796 /* fizzbuzzTests.xctest */,
			);
			name = Products;
			sourceTree = "<group>";
		};
		1B08F6B02AD8037E00902796 /* fizzbuzz */ = {
			isa = PBXGroup;
			children = (
				1B08F6DB2AD8061F00902796 /* UI */,
				1B08F6DE2AD8079400902796 /* logic */,
			);
			path = fizzbuzz;
			sourceTree = "<group>";
		};
		1B08F6B72AD8038000902796 /* Preview Content */ = {
			isa = PBXGroup;
			children = (
				1B08F6B82AD8038000902796 /* Preview Assets.xcassets */,
			);
			path = "Preview Content";
			sourceTree = "<group>";
		};
		1B08F6C12AD8038000902796 /* fizzbuzzTests */ = {
			isa = PBXGroup;
			children = (
				1B08F6C22AD8038000902796 /* fizzbuzzTests.swift */,
			);
			path = fizzbuzzTests;
			sourceTree = "<group>";
		};
		1B08F6DB2AD8061F00902796 /* UI */ = {
			isa = PBXGroup;
			children = (
				1B08F6B12AD8037E00902796 /* fizzbuzzApp.swift */,
				1B08F6B32AD8037E00902796 /* ContentView.swift */,
				1B08F6B52AD8038000902796 /* Assets.xcassets */,
				1B08F6B72AD8038000902796 /* Preview Content */,
			);
			path = UI;
			sourceTree = "<group>";
		};
		1B08F6DE2AD8079400902796 /* logic */ = {
			isa = PBXGroup;
			children = (
				1B08F6DC2AD8077A00902796 /* FizzBuzzDecider.swift */,
			);
			path = logic;
			sourceTree = "<group>";
		};
/* End PBXGroup section */

/* Begin PBXNativeTarget section */
		1B08F6AD2AD8037E00902796 /* fizzbuzz */ = {
			isa = PBXNativeTarget;
			buildConfigurationList = 1B08F6D22AD8038000902796 /* Build configuration list for PBXNativeTarget "fizzbuzz" */;
			buildPhases = (
				1B08F6AA2AD8037E00902796 /* Sources */,
				1B08F6AB2AD8037E00902796 /* Frameworks */,
				1B08F6AC2AD8037E00902796 /* Resources */,
			);
			buildRules = (
			);
			dependencies = (
			);
			name = fizzbuzz;
			productName = fizzbuzz;
			productReference = 1B08F6AE2AD8037E00902796 /* fizzbuzz.app */;
			productType = "com.apple.product-type.application";
		};
		1B08F6BD2AD8038000902796 /* fizzbuzzTests */ = {
			isa = PBXNativeTarget;
			buildConfigurationList = 1B08F6D52AD8038000902796 /* Build configuration list for PBXNativeTarget "fizzbuzzTests" */;
			buildPhases = (
				1B08F6BA2AD8038000902796 /* Sources */,
				1B08F6BB2AD8038000902796 /* Frameworks */,
				1B08F6BC2AD8038000902796 /* Resources */,
			);
			buildRules = (
			);
			dependencies = (
				1B08F6C02AD8038000902796 /* PBXTargetDependency */,
			);
			name = fizzbuzzTests;
			productName = fizzbuzzTests;
			productReference = 1B08F6BE2AD8038000902796 /* fizzbuzzTests.xctest */;
			productType = "com.apple.product-type.bundle.unit-test";
		};
/* End PBXNativeTarget section */

/* Begin PBXProject section */
		1B08F6A62AD8037E00902796 /* Project object */ = {
			isa = PBXProject;
			attributes = {
				BuildIndependentTargetsInParallel = 1;
				LastSwiftUpdateCheck = 1500;
				LastUpgradeCheck = 1500;
				TargetAttributes = {
					1B08F6AD2AD8037E00902796 = {
						CreatedOnToolsVersion = 15.0;
					};
					1B08F6BD2AD8038000902796 = {
						CreatedOnToolsVersion = 15.0;
						TestTargetID = 1B08F6AD2AD8037E00902796;
					};
				};
			};
			buildConfigurationList = 1B08F6A92AD8037E00902796 /* Build configuration list for PBXProject "fizzbuzz" */;
			compatibilityVersion = "Xcode 14.0";
			developmentRegion = en;
			hasScannedForEncodings = 0;
			knownRegions = (
				en,
				Base,
			);
			mainGroup = 1B08F6A52AD8037E00902796;
			productRefGroup = 1B08F6AF2AD8037E00902796 /* Products */;
			projectDirPath = "";
			projectRoot = "";
			targets = (
				1B08F6AD2AD8037E00902796 /* fizzbuzz */,
				1B08F6BD2AD8038000902796 /* fizzbuzzTests */,
			);
		};
/* End PBXProject section */

/* Begin PBXResourcesBuildPhase section */
		1B08F6AC2AD8037E00902796 /* Resources */ = {
			isa = PBXResourcesBuildPhase;
			buildActionMask = 2147483647;
			files = (
				1B08F6B92AD8038000902796 /* Preview Assets.xcassets in Resources */,
				1B08F6B62AD8038000902796 /* Assets.xcassets in Resources */,
			);
			runOnlyForDeploymentPostprocessing = 0;
		};
		1B08F6BC2AD8038000902796 /* Resources */ = {
			isa = PBXResourcesBuildPhase;
			buildActionMask = 2147483647;
			files = (
			);
			runOnlyForDeploymentPostprocessing = 0;
		};
/* End PBXResourcesBuildPhase section */

/* Begin PBXSourcesBuildPhase section */
		1B08F6AA2AD8037E00902796 /* Sources */ = {
			isa = PBXSourcesBuildPhase;
			buildActionMask = 2147483647;
			files = (
				1B08F6B42AD8037E00902796 /* ContentView.swift in Sources */,
				1B08F6B22AD8037E00902796 /* fizzbuzzApp.swift in Sources */,
				1B08F6DD2AD8077A00902796 /* FizzBuzzDecider.swift in Sources */,
			);
			runOnlyForDeploymentPostprocessing = 0;
		};
		1B08F6BA2AD8038000902796 /* Sources */ = {
			isa = PBXSourcesBuildPhase;
			buildActionMask = 2147483647;
			files = (
				1B08F6C32AD8038000902796 /* fizzbuzzTests.swift in Sources */,
			);
			runOnlyForDeploymentPostprocessing = 0;
		};
/* End PBXSourcesBuildPhase section */

/* Begin PBXTargetDependency section */
		1B08F6C02AD8038000902796 /* PBXTargetDependency */ = {
			isa = PBXTargetDependency;
			target = 1B08F6AD2AD8037E00902796 /* fizzbuzz */;
			targetProxy = 1B08F6BF2AD8038000902796 /* PBXContainerItemProxy */;
		};
/* End PBXTargetDependency section */

/* Begin XCBuildConfiguration section */
		1B08F6D02AD8038000902796 /* Debug */ = {
			isa = XCBuildConfiguration;
			buildSettings = {
				ALWAYS_SEARCH_USER_PATHS = NO;
				ASSETCATALOG_COMPILER_GENERATE_SWIFT_ASSET_SYMBOL_EXTENSIONS = YES;
				CLANG_ANALYZER_NONNULL = YES;
				CLANG_ANALYZER_NUMBER_OBJECT_CONVERSION = YES_AGGRESSIVE;
				CLANG_CXX_LANGUAGE_STANDARD = "gnu++20";
				CLANG_ENABLE_MODULES = YES;
				CLANG_ENABLE_OBJC_ARC = YES;
				CLANG_ENABLE_OBJC_WEAK = YES;
				CLANG_WARN_BLOCK_CAPTURE_AUTORELEASING = YES;
				CLANG_WARN_BOOL_CONVERSION = YES;
				CLANG_WARN_COMMA = YES;
				CLANG_WARN_CONSTANT_CONVERSION = YES;
				CLANG_WARN_DEPRECATED_OBJC_IMPLEMENTATIONS = YES;
				CLANG_WARN_DIRECT_OBJC_ISA_USAGE = YES_ERROR;
				CLANG_WARN_DOCUMENTATION_COMMENTS = YES;
				CLANG_WARN_EMPTY_BODY = YES;
				CLANG_WARN_ENUM_CONVERSION = YES;
				CLANG_WARN_INFINITE_RECURSION = YES;
				CLANG_WARN_INT_CONVERSION = YES;
				CLANG_WARN_NON_LITERAL_NULL_CONVERSION = YES;
				CLANG_WARN_OBJC_IMPLICIT_RETAIN_SELF = YES;
				CLANG_WARN_OBJC_LITERAL_CONVERSION = YES;
				CLANG_WARN_OBJC_ROOT_CLASS = YES_ERROR;
				CLANG_WARN_QUOTED_INCLUDE_IN_FRAMEWORK_HEADER = YES;
				CLANG_WARN_RANGE_LOOP_ANALYSIS = YES;
				CLANG_WARN_STRICT_PROTOTYPES = YES;
				CLANG_WARN_SUSPICIOUS_MOVE = YES;
				CLANG_WARN_UNGUARDED_AVAILABILITY = YES_AGGRESSIVE;
				CLANG_WARN_UNREACHABLE_CODE = YES;
				CLANG_WARN__DUPLICATE_METHOD_MATCH = YES;
				COPY_PHASE_STRIP = NO;
				DEBUG_INFORMATION_FORMAT = dwarf;
				ENABLE_STRICT_OBJC_MSGSEND = YES;
				ENABLE_TESTABILITY = YES;
				ENABLE_USER_SCRIPT_SANDBOXING = YES;
				GCC_C_LANGUAGE_STANDARD = gnu17;
				GCC_DYNAMIC_NO_PIC = NO;
				GCC_NO_COMMON_BLOCKS = YES;
				GCC_OPTIMIZATION_LEVEL = 0;
				GCC_PREPROCESSOR_DEFINITIONS = (
					"DEBUG=1",
					"$(inherited)",
				);
				GCC_WARN_64_TO_32_BIT_CONVERSION = YES;
				GCC_WARN_ABOUT_RETURN_TYPE = YES_ERROR;
				GCC_WARN_UNDECLARED_SELECTOR = YES;
				GCC_WARN_UNINITIALIZED_AUTOS = YES_AGGRESSIVE;
				GCC_WARN_UNUSED_FUNCTION = YES;
				GCC_WARN_UNUSED_VARIABLE = YES;
				IPHONEOS_DEPLOYMENT_TARGET = 17.0;
				LOCALIZATION_PREFERS_STRING_CATALOGS = YES;
				MTL_ENABLE_DEBUG_INFO = INCLUDE_SOURCE;
				MTL_FAST_MATH = YES;
				ONLY_ACTIVE_ARCH = YES;
				SDKROOT = iphoneos;
				SWIFT_ACTIVE_COMPILATION_CONDITIONS = "DEBUG $(inherited)";
				SWIFT_OPTIMIZATION_LEVEL = "-Onone";
			};
			name = Debug;
		};
		1B08F6D12AD8038000902796 /* Release */ = {
			isa = XCBuildConfiguration;
			buildSettings = {
				ALWAYS_SEARCH_USER_PATHS = NO;
				ASSETCATALOG_COMPILER_GENERATE_SWIFT_ASSET_SYMBOL_EXTENSIONS = YES;
				CLANG_ANALYZER_NONNULL = YES;
				CLANG_ANALYZER_NUMBER_OBJECT_CONVERSION = YES_AGGRESSIVE;
				CLANG_CXX_LANGUAGE_STANDARD = "gnu++20";
				CLANG_ENABLE_MODULES = YES;
				CLANG_ENABLE_OBJC_ARC = YES;
				CLANG_ENABLE_OBJC_WEAK = YES;
				CLANG_WARN_BLOCK_CAPTURE_AUTORELEASING = YES;
				CLANG_WARN_BOOL_CONVERSION = YES;
				CLANG_WARN_COMMA = YES;
				CLANG_WARN_CONSTANT_CONVERSION = YES;
				CLANG_WARN_DEPRECATED_OBJC_IMPLEMENTATIONS = YES;
				CLANG_WARN_DIRECT_OBJC_ISA_USAGE = YES_ERROR;
				CLANG_WARN_DOCUMENTATION_COMMENTS = YES;
				CLANG_WARN_EMPTY_BODY = YES;
				CLANG_WARN_ENUM_CONVERSION = YES;
				CLANG_WARN_INFINITE_RECURSION = YES;
				CLANG_WARN_INT_CONVERSION = YES;
				CLANG_WARN_NON_LITERAL_NULL_CONVERSION = YES;
				CLANG_WARN_OBJC_IMPLICIT_RETAIN_SELF = YES;
				CLANG_WARN_OBJC_LITERAL_CONVERSION = YES;
				CLANG_WARN_OBJC_ROOT_CLASS = YES_ERROR;
				CLANG_WARN_QUOTED_INCLUDE_IN_FRAMEWORK_HEADER = YES;
				CLANG_WARN_RANGE_LOOP_ANALYSIS = YES;
				CLANG_WARN_STRICT_PROTOTYPES = YES;
				CLANG_WARN_SUSPICIOUS_MOVE = YES;
				CLANG_WARN_UNGUARDED_AVAILABILITY = YES_AGGRESSIVE;
				CLANG_WARN_UNREACHABLE_CODE = YES;
				CLANG_WARN__DUPLICATE_METHOD_MATCH = YES;
				COPY_PHASE_STRIP = NO;
				DEBUG_INFORMATION_FORMAT = "dwarf-with-dsym";
				ENABLE_NS_ASSERTIONS = NO;
				ENABLE_STRICT_OBJC_MSGSEND = YES;
				ENABLE_USER_SCRIPT_SANDBOXING = YES;
				GCC_C_LANGUAGE_STANDARD = gnu17;
				GCC_NO_COMMON_BLOCKS = YES;
				GCC_WARN_64_TO_32_BIT_CONVERSION = YES;
				GCC_WARN_ABOUT_RETURN_TYPE = YES_ERROR;
				GCC_WARN_UNDECLARED_SELECTOR = YES;
				GCC_WARN_UNINITIALIZED_AUTOS = YES_AGGRESSIVE;
				GCC_WARN_UNUSED_FUNCTION = YES;
				GCC_WARN_UNUSED_VARIABLE = YES;
				IPHONEOS_DEPLOYMENT_TARGET = 17.0;
				LOCALIZATION_PREFERS_STRING_CATALOGS = YES;
				MTL_ENABLE_DEBUG_INFO = NO;
				MTL_FAST_MATH = YES;
				SDKROOT = iphoneos;
				SWIFT_COMPILATION_MODE = wholemodule;
				VALIDATE_PRODUCT = YES;
			};
			name = Release;
		};
		1B08F6D32AD8038000902796 /* Debug */ = {
			isa = XCBuildConfiguration;
			buildSettings = {
				ASSETCATALOG_COMPILER_APPICON_NAME = AppIcon;
				ASSETCATALOG_COMPILER_GLOBAL_ACCENT_COLOR_NAME = AccentColor;
				CODE_SIGN_STYLE = Automatic;
				CURRENT_PROJECT_VERSION = 1;
				DEVELOPMENT_ASSET_PATHS = "\"fizzbuzz/UI/Preview Content\"";
				DEVELOPMENT_TEAM = 785YVW2PL4;
				ENABLE_PREVIEWS = YES;
				GENERATE_INFOPLIST_FILE = YES;
				INFOPLIST_KEY_UIApplicationSceneManifest_Generation = YES;
				INFOPLIST_KEY_UIApplicationSupportsIndirectInputEvents = YES;
				INFOPLIST_KEY_UILaunchScreen_Generation = YES;
				INFOPLIST_KEY_UISupportedInterfaceOrientations_iPad = "UIInterfaceOrientationPortrait UIInterfaceOrientationPortraitUpsideDown UIInterfaceOrientationLandscapeLeft UIInterfaceOrientationLandscapeRight";
				INFOPLIST_KEY_UISupportedInterfaceOrientations_iPhone = "UIInterfaceOrientationPortrait UIInterfaceOrientationLandscapeLeft UIInterfaceOrientationLandscapeRight";
				LD_RUNPATH_SEARCH_PATHS = (
					"$(inherited)",
					"@executable_path/Frameworks",
				);
				MARKETING_VERSION = 1.0;
				PRODUCT_BUNDLE_IDENTIFIER = com.gavin.fizzbuzz;
				PRODUCT_NAME = "$(TARGET_NAME)";
				SWIFT_EMIT_LOC_STRINGS = YES;
				SWIFT_VERSION = 5.0;
				TARGETED_DEVICE_FAMILY = "1,2";
			};
			name = Debug;
		};
		1B08F6D42AD8038000902796 /* Release */ = {
			isa = XCBuildConfiguration;
			buildSettings = {
				ASSETCATALOG_COMPILER_APPICON_NAME = AppIcon;
				ASSETCATALOG_COMPILER_GLOBAL_ACCENT_COLOR_NAME = AccentColor;
				CODE_SIGN_STYLE = Automatic;
				CURRENT_PROJECT_VERSION = 1;
				DEVELOPMENT_ASSET_PATHS = "\"fizzbuzz/UI/Preview Content\"";
				DEVELOPMENT_TEAM = 785YVW2PL4;
				ENABLE_PREVIEWS = YES;
				GENERATE_INFOPLIST_FILE = YES;
				INFOPLIST_KEY_UIApplicationSceneManifest_Generation = YES;
				INFOPLIST_KEY_UIApplicationSupportsIndirectInputEvents = YES;
				INFOPLIST_KEY_UILaunchScreen_Generation = YES;
				INFOPLIST_KEY_UISupportedInterfaceOrientations_iPad = "UIInterfaceOrientationPortrait UIInterfaceOrientationPortraitUpsideDown UIInterfaceOrientationLandscapeLeft UIInterfaceOrientationLandscapeRight";
				INFOPLIST_KEY_UISupportedInterfaceOrientations_iPhone = "UIInterfaceOrientationPortrait UIInterfaceOrientationLandscapeLeft UIInterfaceOrientationLandscapeRight";
				LD_RUNPATH_SEARCH_PATHS = (
					"$(inherited)",
					"@executable_path/Frameworks",
				);
				MARKETING_VERSION = 1.0;
				PRODUCT_BUNDLE_IDENTIFIER = com.gavin.fizzbuzz;
				PRODUCT_NAME = "$(TARGET_NAME)";
				SWIFT_EMIT_LOC_STRINGS = YES;
				SWIFT_VERSION = 5.0;
				TARGETED_DEVICE_FAMILY = "1,2";
			};
			name = Release;
		};
		1B08F6D62AD8038000902796 /* Debug */ = {
			isa = XCBuildConfiguration;
			buildSettings = {
				ALWAYS_EMBED_SWIFT_STANDARD_LIBRARIES = YES;
				BUNDLE_LOADER = "$(TEST_HOST)";
				CODE_SIGN_STYLE = Automatic;
				CURRENT_PROJECT_VERSION = 1;
				DEVELOPMENT_TEAM = 785YVW2PL4;
				GENERATE_INFOPLIST_FILE = YES;
				IPHONEOS_DEPLOYMENT_TARGET = 17.0;
				MARKETING_VERSION = 1.0;
				PRODUCT_BUNDLE_IDENTIFIER = com.gavin.fizzbuzzTests;
				PRODUCT_NAME = "$(TARGET_NAME)";
				SWIFT_EMIT_LOC_STRINGS = NO;
				SWIFT_VERSION = 5.0;
				TARGETED_DEVICE_FAMILY = "1,2";
				TEST_HOST = "$(BUILT_PRODUCTS_DIR)/fizzbuzz.app/$(BUNDLE_EXECUTABLE_FOLDER_PATH)/fizzbuzz";
			};
			name = Debug;
		};
		1B08F6D72AD8038000902796 /* Release */ = {
			isa = XCBuildConfiguration;
			buildSettings = {
				ALWAYS_EMBED_SWIFT_STANDARD_LIBRARIES = YES;
				BUNDLE_LOADER = "$(TEST_HOST)";
				CODE_SIGN_STYLE = Automatic;
				CURRENT_PROJECT_VERSION = 1;
				DEVELOPMENT_TEAM = 785YVW2PL4;
				GENERATE_INFOPLIST_FILE = YES;
				IPHONEOS_DEPLOYMENT_TARGET = 17.0;
				MARKETING_VERSION = 1.0;
				PRODUCT_BUNDLE_IDENTIFIER = com.gavin.fizzbuzzTests;
				PRODUCT_NAME = "$(TARGET_NAME)";
				SWIFT_EMIT_LOC_STRINGS = NO;
				SWIFT_VERSION = 5.0;
				TARGETED_DEVICE_FAMILY = "1,2";
				TEST_HOST = "$(BUILT_PRODUCTS_DIR)/fizzbuzz.app/$(BUNDLE_EXECUTABLE_FOLDER_PATH)/fizzbuzz";
			};
			name = Release;
		};
/* End XCBuildConfiguration section */

/* Begin XCConfigurationList section */
		1B08F6A92AD8037E00902796 /* Build configuration list for PBXProject "fizzbuzz" */ = {
			isa = XCConfigurationList;
			buildConfigurations = (
				1B08F6D02AD8038000902796 /* Debug */,
				1B08F6D12AD8038000902796 /* Release */,
			);
			defaultConfigurationIsVisible = 0;
			defaultConfigurationName = Release;
		};
		1B08F6D22AD8038000902796 /* Build configuration list for PBXNativeTarget "fizzbuzz" */ = {
			isa = XCConfigurationList;
			buildConfigurations = (
				1B08F6D32AD8038000902796 /* Debug */,
				1B08F6D42AD8038000902796 /* Release */,
			);
			defaultConfigurationIsVisible = 0;
			defaultConfigurationName = Release;
		};
		1B08F6D52AD8038000902796 /* Build configuration list for PBXNativeTarget "fizzbuzzTests" */ = {
			isa = XCConfigurationList;
			buildConfigurations = (
				1B08F6D62AD8038000902796 /* Debug */,
				1B08F6D72AD8038000902796 /* Release */,
			);
			defaultConfigurationIsVisible = 0;
			defaultConfigurationName = Release;
		};
/* End XCConfigurationList section */
	};
	rootObject = 1B08F6A62AD8037E00902796 /* Project object */;
}
